<?xml version="1.0" encoding="utf-8"?>
<Project ToolsVersion="4.0" xmlns="http://schemas.microsoft.com/developer/msbuild/2003">
  <ItemGroup>
    <Filter Include="Source Files">
      <UniqueIdentifier>{4FC737F1-C7A5-4376-A066-2A32D752A2FF}</UniqueIdentifier>
      <Extensions>cpp;c;cc;cxx;def;odl;idl;hpj;bat;asm;asmx</Extensions>
    </Filter>
    <Filter Include="Header Files">
      <UniqueIdentifier>{93995380-89BD-4b04-88EB-625FBE52EBFB}</UniqueIdentifier>
      <Extensions>h;hh;hpp;hxx;hm;inl;inc;xsd</Extensions>
    </Filter>
    <Filter Include="Resource Files">
      <UniqueIdentifier>{67DA6AB6-F800-4c08-8B7A-83BB121AAD01}</UniqueIdentifier>
      <Extensions>rc;ico;cur;bmp;dlg;rc2;rct;bin;rgs;gif;jpg;jpeg;jpe;resx;tiff;tif;png;wav;mfcribbon-ms</Extensions>
    </Filter>
  </ItemGroup>
  <ItemGroup>
    <ClCompile Include="Source.cpp">
      <Filter>Resource Files</Filter>
    </ClCompile>
    <ClCompile Include="DFS_BFS.cpp">
      <Filter>Resource Files</Filter>
    </ClCompile>
    <ClCompile Include="Maze.cpp">
      <Filter>Resource Files</Filter>
    </ClCompile>
    <ClCompile Include="dynamicProgramming.cpp">
      <Filter>Resource Files</Filter>
    </ClCompile>
    <ClCompile Include="Graph.cpp">
      <Filter>Resource Files</Filter>
    </ClCompile>
    <ClCompile Include="DFS.cpp">
      <Filter>Resource Files</Filter>
    </ClCompile>
    <ClCompile Include="Birus.cpp">
      <Filter>Resource Files</Filter>
    </ClCompile>
    <ClCompile Include="ApartNumber.cpp">
      <Filter>Resource Files</Filter>
    </ClCompile>
    <ClCompile Include="유기농배추.cpp">
      <Filter>Resource Files</Filter>
    </ClCompile>
    <ClCompile Include="BFS.cpp">
      <Filter>Resource Files</Filter>
    </ClCompile>
    <ClCompile Include="DFS_BFS_MAZE.cpp">
      <Filter>Resource Files</Filter>
    </ClCompile>
    <ClCompile Include="다익스트라알고리즘.cpp">
      <Filter>Resource Files</Filter>
    </ClCompile>
    <ClCompile Include="Tree.cpp">
      <Filter>Resource Files</Filter>
    </ClCompile>
    <ClCompile Include="HeapTree.cpp">
      <Filter>Resource Files</Filter>
    </ClCompile>
    <ClCompile Include="연결요소의개수.cpp">
      <Filter>Resource Files</Filter>
    </ClCompile>
    <ClCompile Include="연구소.cpp">
      <Filter>Resource Files</Filter>
    </ClCompile>
    <ClCompile Include="최단경로.cpp">
      <Filter>Resource Files</Filter>
    </ClCompile>
    <ClCompile Include="최단경로2.cpp">
      <Filter>Resource Files</Filter>
    </ClCompile>
    <ClCompile Include="우선순위큐.cpp">
      <Filter>Resource Files</Filter>
    </ClCompile>
    <ClCompile Include="우선순위큐_연습.cpp">
      <Filter>Resource Files</Filter>
    </ClCompile>
    <ClCompile Include="토마토.cpp">
      <Filter>Resource Files</Filter>
    </ClCompile>
    <ClCompile Include="N과M.cpp">
      <Filter>Resource Files</Filter>
    </ClCompile>
    <ClCompile Include="DFS_BFS복습.cpp">
      <Filter>Source Files</Filter>
    </ClCompile>
    <ClCompile Include="미로탐색_복습.cpp">
      <Filter>Source Files</Filter>
    </ClCompile>
    <ClCompile Include="동적계획법복습.cpp">
      <Filter>Source Files</Filter>
    </ClCompile>
    <ClCompile Include="Errorcode.cpp">
      <Filter>Source Files</Filter>
    </ClCompile>
    <ClCompile Include="바이러스복습.cpp">
      <Filter>Source Files</Filter>
    </ClCompile>
    <ClCompile Include="설탕배달.cpp">
      <Filter>Source Files</Filter>
    </ClCompile>
    <ClCompile Include="단지번호붙이기_복습.cpp">
      <Filter>Source Files</Filter>
    </ClCompile>
  </ItemGroup>
</Project>