<?xml version="1.0" encoding="utf-8"?>
<Project ToolsVersion="4.0" xmlns="http://schemas.microsoft.com/developer/msbuild/2003">
  <ItemGroup>
    <Filter Include="Source Files">
      <UniqueIdentifier>{4FC737F1-C7A5-4376-A066-2A32D752A2FF}</UniqueIdentifier>
      <Extensions>cpp;c;cc;cxx;def;odl;idl;hpj;bat;asm;asmx</Extensions>
    </Filter>
    <Filter Include="Header Files">
      <UniqueIdentifier>{93995380-89BD-4b04-88EB-625FBE52EBFB}</UniqueIdentifier>
      <Extensions>h;hh;hpp;hxx;hm;inl;inc;xsd</Extensions>
    </Filter>
    <Filter Include="Resource Files">
      <UniqueIdentifier>{67DA6AB6-F800-4c08-8B7A-83BB121AAD01}</UniqueIdentifier>
      <Extensions>rc;ico;cur;bmp;dlg;rc2;rct;bin;rgs;gif;jpg;jpeg;jpe;resx;tiff;tif;png;wav;mfcribbon-ms</Extensions>
    </Filter>
    <Filter Include="Resource Files\Graph">
      <UniqueIdentifier>{f2323768-7ff3-45b5-a035-c7de63fc7e2f}</UniqueIdentifier>
    </Filter>
    <Filter Include="Resource Files\자료구조">
      <UniqueIdentifier>{27ad3202-1566-4bfa-a8e4-2d5420790e69}</UniqueIdentifier>
    </Filter>
    <Filter Include="Source Files\Graph">
      <UniqueIdentifier>{4e08c237-557b-41de-a3c6-8da284dcbe95}</UniqueIdentifier>
    </Filter>
    <Filter Include="Source Files\DP">
      <UniqueIdentifier>{0cc363d3-58c3-4727-a756-d03237668ea4}</UniqueIdentifier>
    </Filter>
    <Filter Include="Source Files\자잘한 연습">
      <UniqueIdentifier>{29f74ba4-b8f5-45a1-9e66-cda768822e9c}</UniqueIdentifier>
    </Filter>
  </ItemGroup>
  <ItemGroup>
    <ClCompile Include="HeapTree.cpp">
      <Filter>Resource Files</Filter>
    </ClCompile>
    <ClCompile Include="Tree.cpp">
      <Filter>Resource Files</Filter>
    </ClCompile>
    <ClCompile Include="다익스트라알고리즘.cpp">
      <Filter>Resource Files</Filter>
    </ClCompile>
    <ClCompile Include="연결요소의개수.cpp">
      <Filter>Resource Files</Filter>
    </ClCompile>
    <ClCompile Include="유기농배추.cpp">
      <Filter>Resource Files</Filter>
    </ClCompile>
    <ClCompile Include="최단경로.cpp">
      <Filter>Resource Files</Filter>
    </ClCompile>
    <ClCompile Include="최단경로2.cpp">
      <Filter>Resource Files</Filter>
    </ClCompile>
    <ClCompile Include="토마토.cpp">
      <Filter>Resource Files</Filter>
    </ClCompile>
    <ClCompile Include="BFS.cpp">
      <Filter>Resource Files\Graph</Filter>
    </ClCompile>
    <ClCompile Include="Birus.cpp">
      <Filter>Resource Files\Graph</Filter>
    </ClCompile>
    <ClCompile Include="DFS.cpp">
      <Filter>Resource Files\Graph</Filter>
    </ClCompile>
    <ClCompile Include="DFS_BFS.cpp">
      <Filter>Resource Files\Graph</Filter>
    </ClCompile>
    <ClCompile Include="DFS_BFS_MAZE.cpp">
      <Filter>Resource Files\Graph</Filter>
    </ClCompile>
    <ClCompile Include="dynamicProgramming.cpp">
      <Filter>Resource Files\Graph</Filter>
    </ClCompile>
    <ClCompile Include="ApartNumber.cpp">
      <Filter>Resource Files\Graph</Filter>
    </ClCompile>
    <ClCompile Include="Graph.cpp">
      <Filter>Resource Files\Graph</Filter>
    </ClCompile>
    <ClCompile Include="Maze.cpp">
      <Filter>Resource Files\Graph</Filter>
    </ClCompile>
    <ClCompile Include="N과M.cpp">
      <Filter>Resource Files\Graph</Filter>
    </ClCompile>
    <ClCompile Include="Source.cpp">
      <Filter>Resource Files\Graph</Filter>
    </ClCompile>
    <ClCompile Include="우선순위큐.cpp">
      <Filter>Resource Files\자료구조</Filter>
    </ClCompile>
    <ClCompile Include="우선순위큐_연습.cpp">
      <Filter>Resource Files\자료구조</Filter>
    </ClCompile>
    <ClCompile Include="1로만들기.cpp">
      <Filter>Source Files\DP</Filter>
    </ClCompile>
    <ClCompile Include="1,2,3더하기.cpp">
      <Filter>Source Files\DP</Filter>
    </ClCompile>
    <ClCompile Include="DFS_BFS복습.cpp">
      <Filter>Source Files\Graph</Filter>
    </ClCompile>
    <ClCompile Include="Errorcode.cpp">
      <Filter>Source Files\자잘한 연습</Filter>
    </ClCompile>
    <ClCompile Include="Null_Obj_State_Pattencpp.cpp">
      <Filter>Source Files\자잘한 연습</Filter>
    </ClCompile>
    <ClCompile Include="Std_Function.cpp">
      <Filter>Source Files\자잘한 연습</Filter>
    </ClCompile>
    <ClCompile Include="단지번호붙이기_복습.cpp">
      <Filter>Source Files\Graph</Filter>
    </ClCompile>
    <ClCompile Include="동적계획법복습.cpp">
      <Filter>Source Files\DP</Filter>
    </ClCompile>
    <ClCompile Include="바이러스복습.cpp">
      <Filter>Source Files\Graph</Filter>
    </ClCompile>
    <ClCompile Include="미로탐색_복습.cpp">
      <Filter>Source Files\Graph</Filter>
    </ClCompile>
    <ClCompile Include="토마토_복습.cpp">
      <Filter>Source Files\Graph</Filter>
    </ClCompile>
    <ClCompile Include="유기농배추복습.cpp">
      <Filter>Source Files\Graph</Filter>
    </ClCompile>
    <ClCompile Include="연구소_복습.cpp">
      <Filter>Source Files\Graph</Filter>
    </ClCompile>
    <ClCompile Include="연결요소의개수_복습.cpp">
      <Filter>Source Files\Graph</Filter>
    </ClCompile>
    <ClCompile Include="부녀회장이될테야.cpp">
      <Filter>Source Files\DP</Filter>
    </ClCompile>
    <ClCompile Include="설탕배달.cpp">
      <Filter>Source Files\DP</Filter>
    </ClCompile>
    <ClCompile Include="숨바꼭질.cpp">
      <Filter>Source Files\Graph</Filter>
    </ClCompile>
    <ClCompile Include="피보나치함수.cpp">
      <Filter>Source Files\DP</Filter>
    </ClCompile>
    <ClCompile Include="2N타일링.cpp">
      <Filter>Source Files\DP</Filter>
    </ClCompile>
    <ClCompile Include="로또.cpp">
      <Filter>Source Files\자잘한 연습</Filter>
    </ClCompile>
    <ClCompile Include="최단경로_복습.cpp">
      <Filter>Source Files\Graph</Filter>
    </ClCompile>
    <ClCompile Include="섬의개수.cpp">
      <Filter>Source Files\Graph</Filter>
    </ClCompile>
    <ClCompile Include="RGB거리.cpp">
      <Filter>Source Files\DP</Filter>
    </ClCompile>
    <ClCompile Include="적록색약.cpp">
      <Filter>Source Files\Graph</Filter>
    </ClCompile>
    <ClCompile Include="계단오르기.cpp">
      <Filter>Source Files\DP</Filter>
    </ClCompile>
    <ClCompile Include="토마토7569.cpp">
      <Filter>Source Files\Graph</Filter>
    </ClCompile>
    <ClCompile Include="가장 긴 증가하는 부분수열.cpp">
      <Filter>Source Files\DP</Filter>
    </ClCompile>
    <ClCompile Include="안전영역.cpp">
      <Filter>Source Files\Graph</Filter>
    </ClCompile>
    <ClCompile Include="정수삼각형.cpp">
      <Filter>Source Files\DP</Filter>
    </ClCompile>
    <ClCompile Include="나이트의이동.cpp">
      <Filter>Source Files\Graph</Filter>
    </ClCompile>
    <ClCompile Include="연속합.cpp">
      <Filter>Source Files\DP</Filter>
    </ClCompile>
    <ClCompile Include="알파벳.cpp">
      <Filter>Source Files\Graph</Filter>
    </ClCompile>
    <ClCompile Include="파도반수열.cpp">
      <Filter>Source Files\DP</Filter>
    </ClCompile>
    <ClCompile Include="경로찾기.cpp">
      <Filter>Source Files\Graph</Filter>
    </ClCompile>
    <ClCompile Include="포도주시식.cpp">
      <Filter>Source Files\DP</Filter>
    </ClCompile>
    <ClCompile Include="벽부수기.cpp">
      <Filter>Source Files\Graph</Filter>
    </ClCompile>
    <ClCompile Include="피보나치수2.cpp">
      <Filter>Source Files\DP</Filter>
    </ClCompile>
    <ClCompile Include="트리의 부모찾기.cpp">
      <Filter>Source Files\Graph</Filter>
    </ClCompile>
    <ClCompile Include="2n타일링_2cpp.cpp">
      <Filter>Source Files\DP</Filter>
    </ClCompile>
    <ClCompile Include="영역구하기.cpp">
      <Filter>Source Files\Graph</Filter>
    </ClCompile>
    <ClCompile Include="쉬운계단수.cpp">
      <Filter>Source Files\DP</Filter>
    </ClCompile>
    <ClCompile Include="아기상어.cpp">
      <Filter>Source Files\Graph</Filter>
    </ClCompile>
    <ClCompile Include="이천수cpp.cpp">
      <Filter>Source Files\DP</Filter>
    </ClCompile>
    <ClCompile Include="최소스패닝트리.cpp">
      <Filter>Source Files\Graph</Filter>
    </ClCompile>
    <ClCompile Include="다리놓기.cpp">
      <Filter>Source Files\DP</Filter>
    </ClCompile>
    <ClCompile Include="플로이드.cpp">
      <Filter>Source Files\Graph</Filter>
    </ClCompile>
    <ClCompile Include="촌수계산.cpp">
      <Filter>Source Files\Graph</Filter>
    </ClCompile>
    <ClCompile Include="줄세우기1.cpp">
      <Filter>Source Files\Graph</Filter>
    </ClCompile>
  </ItemGroup>
</Project>